
Microsoft Visual Studio Solution File, Format Version 12.00
# Visual Studio 15
VisualStudioVersion = 15.0.28010.2036
MinimumVisualStudioVersion = 10.0.40219.1
Project("{FAE04EC0-301F-11D3-BF4B-00C04F79EFBC}") = "SillyMath", "SillyMath\SillyMath.csproj", "{FAEAD148-4FE4-4A80-BF45-5CF516346207}"
EndProject
Project("{FAE04EC0-301F-11D3-BF4B-00C04F79EFBC}") = "SillyMath.Tests", "SillyMath.Tests\SillyMath.Tests.csproj", "{79670C2D-A95B-4A00-960A-84B9E1FBF138}"
EndProject
Global
	GlobalSection(SolutionConfigurationPlatforms) = preSolution
		Debug|Any CPU = Debug|Any CPU
		Release|Any CPU = Release|Any CPU
	EndGlobalSection
	GlobalSection(ProjectConfigurationPlatforms) = postSolution
		{FAEAD148-4FE4-4A80-BF45-5CF516346207}.Debug|Any CPU.ActiveCfg = Debug|Any CPU
		{FAEAD148-4FE4-4A80-BF45-5CF516346207}.Debug|Any CPU.Build.0 = Debug|Any CPU
		{FAEAD148-4FE4-4A80-BF45-5CF516346207}.Release|Any CPU.ActiveCfg = Release|Any CPU
		{FAEAD148-4FE4-4A80-BF45-5CF516346207}.Release|Any CPU.Build.0 = Release|Any CPU
		{79670C2D-A95B-4A00-960A-84B9E1FBF138}.Debug|Any CPU.ActiveCfg = Debug|Any CPU
		{79670C2D-A95B-4A00-960A-84B9E1FBF138}.Debug|Any CPU.Build.0 = Debug|Any CPU
		{79670C2D-A95B-4A00-960A-84B9E1FBF138}.Release|Any CPU.ActiveCfg = Release|Any CPU
		{79670C2D-A95B-4A00-960A-84B9E1FBF138}.Release|Any CPU.Build.0 = Release|Any CPU
	EndGlobalSection
	GlobalSection(SolutionProperties) = preSolution
		HideSolutionNode = FALSE
	EndGlobalSection
	GlobalSection(ExtensibilityGlobals) = postSolution
		SolutionGuid = {50BE4F61-3E37-46B2-9447-655E87170055}
	EndGlobalSection
EndGlobal
